
Microsoft Visual Studio Solution File, Format Version 12.00
# Visual Studio Version 17
VisualStudioVersion = 17.10.34928.147
MinimumVisualStudioVersion = 10.0.40219.1
Project("{FAE04EC0-301F-11D3-BF4B-00C04F79EFBC}") = "Document Intelligence", "Document Intelligence\Document Intelligence.csproj", "{9B788439-CEFB-460D-A549-F566FE80FA20}"
EndProject
Global
	GlobalSection(SolutionConfigurationPlatforms) = preSolution
		Debug|Any CPU = Debug|Any CPU
		Release|Any CPU = Release|Any CPU
	EndGlobalSection
	GlobalSection(ProjectConfigurationPlatforms) = postSolution
		{9B788439-CEFB-460D-A549-F566FE80FA20}.Debug|Any CPU.ActiveCfg = Debug|Any CPU
		{9B788439-CEFB-460D-A549-F566FE80FA20}.Debug|Any CPU.Build.0 = Debug|Any CPU
		{9B788439-CEFB-460D-A549-F566FE80FA20}.Release|Any CPU.ActiveCfg = Release|Any CPU
		{9B788439-CEFB-460D-A549-F566FE80FA20}.Release|Any CPU.Build.0 = Release|Any CPU
	EndGlobalSection
	GlobalSection(SolutionProperties) = preSolution
		HideSolutionNode = FALSE
	EndGlobalSection
	GlobalSection(ExtensibilityGlobals) = postSolution
		SolutionGuid = {DEA86C20-3706-4D1A-9A5C-61CEB629216F}
	EndGlobalSection
EndGlobal
